
Microsoft Visual Studio Solution File, Format Version 12.00
# Visual Studio 15
VisualStudioVersion = 15.0.28010.2048
MinimumVisualStudioVersion = 10.0.40219.1
Project("{FAE04EC0-301F-11D3-BF4B-00C04F79EFBC}") = "WpfApp", "WpfApp\WpfApp.csproj", "{07C28F1C-CC53-456A-8853-6BD906747B6C}"
EndProject
Project("{FAE04EC0-301F-11D3-BF4B-00C04F79EFBC}") = "ClassLibrary1", "ClassLibrary1\ClassLibrary1.csproj", "{D391348A-7EEE-4744-9D65-39BD47C00008}"
EndProject
Global
	GlobalSection(SolutionConfigurationPlatforms) = preSolution
		Debug|Any CPU = Debug|Any CPU
		Release|Any CPU = Release|Any CPU
	EndGlobalSection
	GlobalSection(ProjectConfigurationPlatforms) = postSolution
		{07C28F1C-CC53-456A-8853-6BD906747B6C}.Debug|Any CPU.ActiveCfg = Debug|Any CPU
		{07C28F1C-CC53-456A-8853-6BD906747B6C}.Debug|Any CPU.Build.0 = Debug|Any CPU
		{07C28F1C-CC53-456A-8853-6BD906747B6C}.Release|Any CPU.ActiveCfg = Release|Any CPU
		{07C28F1C-CC53-456A-8853-6BD906747B6C}.Release|Any CPU.Build.0 = Release|Any CPU
		{D391348A-7EEE-4744-9D65-39BD47C00008}.Debug|Any CPU.ActiveCfg = Debug|Any CPU
		{D391348A-7EEE-4744-9D65-39BD47C00008}.Debug|Any CPU.Build.0 = Debug|Any CPU
		{D391348A-7EEE-4744-9D65-39BD47C00008}.Release|Any CPU.ActiveCfg = Release|Any CPU
		{D391348A-7EEE-4744-9D65-39BD47C00008}.Release|Any CPU.Build.0 = Release|Any CPU
	EndGlobalSection
	GlobalSection(SolutionProperties) = preSolution
		HideSolutionNode = FALSE
	EndGlobalSection
	GlobalSection(ExtensibilityGlobals) = postSolution
		SolutionGuid = {BEE12E80-F209-47C9-88A4-166F31CA79BB}
	EndGlobalSection
EndGlobal
